
Microsoft Visual Studio Solution File, Format Version 12.00
# Visual Studio 15
VisualStudioVersion = 15.0.28307.852
MinimumVisualStudioVersion = 10.0.40219.1
Project("{FAE04EC0-301F-11D3-BF4B-00C04F79EFBC}") = "LoaderConsole", "LoaderConsole\LoaderConsole.csproj", "{906E8861-9691-4905-BE8E-4C51308547AB}"
EndProject
Project("{FAE04EC0-301F-11D3-BF4B-00C04F79EFBC}") = "Loader", "Loader\Loader.csproj", "{0BE9B146-9311-4359-A8F2-A9E33D0925E1}"
EndProject
Project("{FAE04EC0-301F-11D3-BF4B-00C04F79EFBC}") = "NewportFileWatcher", "NewportFileWatcher\NewportFileWatcher.csproj", "{A161987D-EC29-40A9-B339-DC19CF05F3B2}"
EndProject
Project("{FAE04EC0-301F-11D3-BF4B-00C04F79EFBC}") = "MasterAgg", "MasterAgg\MasterAgg.csproj", "{36B5F1EC-2C6D-4346-A7A9-80DCCFCA6E53}"
EndProject
Global
	GlobalSection(SolutionConfigurationPlatforms) = preSolution
		Debug|Any CPU = Debug|Any CPU
		Release|Any CPU = Release|Any CPU
	EndGlobalSection
	GlobalSection(ProjectConfigurationPlatforms) = postSolution
		{906E8861-9691-4905-BE8E-4C51308547AB}.Debug|Any CPU.ActiveCfg = Debug|Any CPU
		{906E8861-9691-4905-BE8E-4C51308547AB}.Debug|Any CPU.Build.0 = Debug|Any CPU
		{906E8861-9691-4905-BE8E-4C51308547AB}.Release|Any CPU.ActiveCfg = Release|Any CPU
		{906E8861-9691-4905-BE8E-4C51308547AB}.Release|Any CPU.Build.0 = Release|Any CPU
		{0BE9B146-9311-4359-A8F2-A9E33D0925E1}.Debug|Any CPU.ActiveCfg = Debug|Any CPU
		{0BE9B146-9311-4359-A8F2-A9E33D0925E1}.Debug|Any CPU.Build.0 = Debug|Any CPU
		{0BE9B146-9311-4359-A8F2-A9E33D0925E1}.Release|Any CPU.ActiveCfg = Release|Any CPU
		{0BE9B146-9311-4359-A8F2-A9E33D0925E1}.Release|Any CPU.Build.0 = Release|Any CPU
		{A161987D-EC29-40A9-B339-DC19CF05F3B2}.Debug|Any CPU.ActiveCfg = Debug|Any CPU
		{A161987D-EC29-40A9-B339-DC19CF05F3B2}.Debug|Any CPU.Build.0 = Debug|Any CPU
		{A161987D-EC29-40A9-B339-DC19CF05F3B2}.Release|Any CPU.ActiveCfg = Release|Any CPU
		{A161987D-EC29-40A9-B339-DC19CF05F3B2}.Release|Any CPU.Build.0 = Release|Any CPU
		{36B5F1EC-2C6D-4346-A7A9-80DCCFCA6E53}.Debug|Any CPU.ActiveCfg = Debug|Any CPU
		{36B5F1EC-2C6D-4346-A7A9-80DCCFCA6E53}.Debug|Any CPU.Build.0 = Debug|Any CPU
		{36B5F1EC-2C6D-4346-A7A9-80DCCFCA6E53}.Release|Any CPU.ActiveCfg = Release|Any CPU
		{36B5F1EC-2C6D-4346-A7A9-80DCCFCA6E53}.Release|Any CPU.Build.0 = Release|Any CPU
	EndGlobalSection
	GlobalSection(SolutionProperties) = preSolution
		HideSolutionNode = FALSE
	EndGlobalSection
	GlobalSection(ExtensibilityGlobals) = postSolution
		SolutionGuid = {C964C4D2-9213-4AFC-832D-3028E5FA0DF0}
	EndGlobalSection
EndGlobal
